// !$*UTF8*$!
{
	archiveVersion = 1;
	classes = {
	};
	objectVersion = 56;
	objects = {

/* Begin PBXBuildFile section */
		CFF53D802C88228D00837BF1 /* AquaMasterApp.swift in Sources */ = {isa = PBXBuildFile; fileRef = CFF53D7F2C88228D00837BF1 /* AquaMasterApp.swift */; };
		CFF53D822C88228D00837BF1 /* ContentView.swift in Sources */ = {isa = PBXBuildFile; fileRef = CFF53D812C88228D00837BF1 /* ContentView.swift */; };
		CFF53D842C88229200837BF1 /* Assets.xcassets in Resources */ = {isa = PBXBuildFile; fileRef = CFF53D832C88229200837BF1 /* Assets.xcassets */; };
		CFF53D882C88229200837BF1 /* Preview Assets.xcassets in Resources */ = {isa = PBXBuildFile; fileRef = CFF53D872C88229200837BF1 /* Preview Assets.xcassets */; };
		CFF53D972C8FCE1400837BF1 /* HomeView.swift in Sources */ = {isa = PBXBuildFile; fileRef = CFF53D962C8FCE1400837BF1 /* HomeView.swift */; };
		CFF53D992C8FCF2400837BF1 /* TaskView.swift in Sources */ = {isa = PBXBuildFile; fileRef = CFF53D982C8FCF2400837BF1 /* TaskView.swift */; };
		CFF53D9D2C8FE0FD00837BF1 /* AquariumTask.swift in Sources */ = {isa = PBXBuildFile; fileRef = CFF53D9C2C8FE0FD00837BF1 /* AquariumTask.swift */; };
		CFF53D9F2C8FE11C00837BF1 /* TaskViewModel.swift in Sources */ = {isa = PBXBuildFile; fileRef = CFF53D9E2C8FE11C00837BF1 /* TaskViewModel.swift */; };
		CFF53DA12C8FFC1A00837BF1 /* TaskRow.swift in Sources */ = {isa = PBXBuildFile; fileRef = CFF53DA02C8FFC1A00837BF1 /* TaskRow.swift */; };
		CFF53DA32C90082700837BF1 /* SettingsView.swift in Sources */ = {isa = PBXBuildFile; fileRef = CFF53DA22C90082700837BF1 /* SettingsView.swift */; };
		CFF53DA52C900D8500837BF1 /* AddTaskView.swift in Sources */ = {isa = PBXBuildFile; fileRef = CFF53DA42C900D8500837BF1 /* AddTaskView.swift */; };
		CFF53DAB2C91738F00837BF1 /*  FeedLog.swift in Sources */ = {isa = PBXBuildFile; fileRef = CFF53DAA2C91738F00837BF1 /*  FeedLog.swift */; };
		CFF53DAD2C9178E800837BF1 /* FeedLogViewModel.swift in Sources */ = {isa = PBXBuildFile; fileRef = CFF53DAC2C9178E800837BF1 /* FeedLogViewModel.swift */; };
		CFF53DAF2C91795300837BF1 /* DailyFeedLogView.swift in Sources */ = {isa = PBXBuildFile; fileRef = CFF53DAE2C91795300837BF1 /* DailyFeedLogView.swift */; };
		CFF53DB12C97096000837BF1 /* EditTaskView.swift in Sources */ = {isa = PBXBuildFile; fileRef = CFF53DB02C97096000837BF1 /* EditTaskView.swift */; };
		CFF53DB42C97213100837BF1 /* UpdateDetailsView.swift in Sources */ = {isa = PBXBuildFile; fileRef = CFF53DB32C97213100837BF1 /* UpdateDetailsView.swift */; };
		CFF53DB72C97BA9600837BF1 /* WaterQualityModel.swift in Sources */ = {isa = PBXBuildFile; fileRef = CFF53DB62C97BA9600837BF1 /* WaterQualityModel.swift */; };
		CFF53DB92C97BAE000837BF1 /* WaterQualityStatus.swift in Sources */ = {isa = PBXBuildFile; fileRef = CFF53DB82C97BAE000837BF1 /* WaterQualityStatus.swift */; };
		CFF53DBB2C97BB3100837BF1 /* WaterQualityViewModel.swift in Sources */ = {isa = PBXBuildFile; fileRef = CFF53DBA2C97BB3100837BF1 /* WaterQualityViewModel.swift */; };
		CFF53DBD2C97BB9700837BF1 /* WaterQualityView.swift in Sources */ = {isa = PBXBuildFile; fileRef = CFF53DBC2C97BB9600837BF1 /* WaterQualityView.swift */; };
		CFF53DC02C9807B700837BF1 /* User.swift in Sources */ = {isa = PBXBuildFile; fileRef = CFF53DBF2C9807B700837BF1 /* User.swift */; };
		CFF53DC22C9807CA00837BF1 /* LoginViewModel.swift in Sources */ = {isa = PBXBuildFile; fileRef = CFF53DC12C9807CA00837BF1 /* LoginViewModel.swift */; };
		CFF53DC42C9808A600837BF1 /* RootView.swift in Sources */ = {isa = PBXBuildFile; fileRef = CFF53DC32C9808A600837BF1 /* RootView.swift */; };
		CFF53DC62C9808DD00837BF1 /* LoginView.swift in Sources */ = {isa = PBXBuildFile; fileRef = CFF53DC52C9808DD00837BF1 /* LoginView.swift */; };
		CFF53DC92C9811DE00837BF1 /* Lottie in Frameworks */ = {isa = PBXBuildFile; productRef = CFF53DC82C9811DE00837BF1 /* Lottie */; };
		CFF53DCC2C9812AC00837BF1 /* LottieView.swift in Sources */ = {isa = PBXBuildFile; fileRef = CFF53DCB2C9812AC00837BF1 /* LottieView.swift */; };
		CFF53DCE2C9812C900837BF1 /* Constant.swift in Sources */ = {isa = PBXBuildFile; fileRef = CFF53DCD2C9812C900837BF1 /* Constant.swift */; };
		CFF53DD02C98133C00837BF1 /* fish.json in Resources */ = {isa = PBXBuildFile; fileRef = CFF53DCF2C98133C00837BF1 /* fish.json */; };
/* End PBXBuildFile section */

/* Begin PBXFileReference section */
		CFF53D7C2C88228D00837BF1 /* AquaMaster.app */ = {isa = PBXFileReference; explicitFileType = wrapper.application; includeInIndex = 0; path = AquaMaster.app; sourceTree = BUILT_PRODUCTS_DIR; };
		CFF53D7F2C88228D00837BF1 /* AquaMasterApp.swift */ = {isa = PBXFileReference; lastKnownFileType = sourcecode.swift; path = AquaMasterApp.swift; sourceTree = "<group>"; };
		CFF53D812C88228D00837BF1 /* ContentView.swift */ = {isa = PBXFileReference; lastKnownFileType = sourcecode.swift; path = ContentView.swift; sourceTree = "<group>"; };
		CFF53D832C88229200837BF1 /* Assets.xcassets */ = {isa = PBXFileReference; lastKnownFileType = folder.assetcatalog; path = Assets.xcassets; sourceTree = "<group>"; };
		CFF53D852C88229200837BF1 /* AquaMaster.entitlements */ = {isa = PBXFileReference; lastKnownFileType = text.plist.entitlements; path = AquaMaster.entitlements; sourceTree = "<group>"; };
		CFF53D872C88229200837BF1 /* Preview Assets.xcassets */ = {isa = PBXFileReference; lastKnownFileType = folder.assetcatalog; path = "Preview Assets.xcassets"; sourceTree = "<group>"; };
		CFF53D962C8FCE1400837BF1 /* HomeView.swift */ = {isa = PBXFileReference; lastKnownFileType = sourcecode.swift; path = HomeView.swift; sourceTree = "<group>"; };
		CFF53D982C8FCF2400837BF1 /* TaskView.swift */ = {isa = PBXFileReference; lastKnownFileType = sourcecode.swift; path = TaskView.swift; sourceTree = "<group>"; };
		CFF53D9C2C8FE0FD00837BF1 /* AquariumTask.swift */ = {isa = PBXFileReference; lastKnownFileType = sourcecode.swift; path = AquariumTask.swift; sourceTree = "<group>"; };
		CFF53D9E2C8FE11C00837BF1 /* TaskViewModel.swift */ = {isa = PBXFileReference; lastKnownFileType = sourcecode.swift; path = TaskViewModel.swift; sourceTree = "<group>"; };
		CFF53DA02C8FFC1A00837BF1 /* TaskRow.swift */ = {isa = PBXFileReference; lastKnownFileType = sourcecode.swift; path = TaskRow.swift; sourceTree = "<group>"; };
		CFF53DA22C90082700837BF1 /* SettingsView.swift */ = {isa = PBXFileReference; lastKnownFileType = sourcecode.swift; path = SettingsView.swift; sourceTree = "<group>"; };
		CFF53DA42C900D8500837BF1 /* AddTaskView.swift */ = {isa = PBXFileReference; lastKnownFileType = sourcecode.swift; path = AddTaskView.swift; sourceTree = "<group>"; };
		CFF53DAA2C91738F00837BF1 /*  FeedLog.swift */ = {isa = PBXFileReference; lastKnownFileType = sourcecode.swift; path = " FeedLog.swift"; sourceTree = "<group>"; };
		CFF53DAC2C9178E800837BF1 /* FeedLogViewModel.swift */ = {isa = PBXFileReference; lastKnownFileType = sourcecode.swift; path = FeedLogViewModel.swift; sourceTree = "<group>"; };
		CFF53DAE2C91795300837BF1 /* DailyFeedLogView.swift */ = {isa = PBXFileReference; lastKnownFileType = sourcecode.swift; path = DailyFeedLogView.swift; sourceTree = "<group>"; };
		CFF53DB02C97096000837BF1 /* EditTaskView.swift */ = {isa = PBXFileReference; lastKnownFileType = sourcecode.swift; path = EditTaskView.swift; sourceTree = "<group>"; };
		CFF53DB32C97213100837BF1 /* UpdateDetailsView.swift */ = {isa = PBXFileReference; lastKnownFileType = sourcecode.swift; path = UpdateDetailsView.swift; sourceTree = "<group>"; };
		CFF53DB62C97BA9600837BF1 /* WaterQualityModel.swift */ = {isa = PBXFileReference; lastKnownFileType = sourcecode.swift; path = WaterQualityModel.swift; sourceTree = "<group>"; };
		CFF53DB82C97BAE000837BF1 /* WaterQualityStatus.swift */ = {isa = PBXFileReference; lastKnownFileType = sourcecode.swift; path = WaterQualityStatus.swift; sourceTree = "<group>"; };
		CFF53DBA2C97BB3100837BF1 /* WaterQualityViewModel.swift */ = {isa = PBXFileReference; lastKnownFileType = sourcecode.swift; path = WaterQualityViewModel.swift; sourceTree = "<group>"; };
		CFF53DBC2C97BB9600837BF1 /* WaterQualityView.swift */ = {isa = PBXFileReference; lastKnownFileType = sourcecode.swift; path = WaterQualityView.swift; sourceTree = "<group>"; };
		CFF53DBF2C9807B700837BF1 /* User.swift */ = {isa = PBXFileReference; lastKnownFileType = sourcecode.swift; path = User.swift; sourceTree = "<group>"; };
		CFF53DC12C9807CA00837BF1 /* LoginViewModel.swift */ = {isa = PBXFileReference; lastKnownFileType = sourcecode.swift; path = LoginViewModel.swift; sourceTree = "<group>"; };
		CFF53DC32C9808A600837BF1 /* RootView.swift */ = {isa = PBXFileReference; lastKnownFileType = sourcecode.swift; path = RootView.swift; sourceTree = "<group>"; };
		CFF53DC52C9808DD00837BF1 /* LoginView.swift */ = {isa = PBXFileReference; lastKnownFileType = sourcecode.swift; path = LoginView.swift; sourceTree = "<group>"; };
		CFF53DCB2C9812AC00837BF1 /* LottieView.swift */ = {isa = PBXFileReference; lastKnownFileType = sourcecode.swift; path = LottieView.swift; sourceTree = "<group>"; };
		CFF53DCD2C9812C900837BF1 /* Constant.swift */ = {isa = PBXFileReference; lastKnownFileType = sourcecode.swift; path = Constant.swift; sourceTree = "<group>"; };
		CFF53DCF2C98133C00837BF1 /* fish.json */ = {isa = PBXFileReference; fileEncoding = 4; lastKnownFileType = text.json; name = fish.json; path = ../../../../../Downloads/fish.json; sourceTree = "<group>"; };
/* End PBXFileReference section */

/* Begin PBXFrameworksBuildPhase section */
		CFF53D792C88228D00837BF1 /* Frameworks */ = {
			isa = PBXFrameworksBuildPhase;
			buildActionMask = 2147483647;
			files = (
				CFF53DC92C9811DE00837BF1 /* Lottie in Frameworks */,
			);
			runOnlyForDeploymentPostprocessing = 0;
		};
/* End PBXFrameworksBuildPhase section */

/* Begin PBXGroup section */
		CFF53D732C88228D00837BF1 = {
			isa = PBXGroup;
			children = (
				CFF53D7E2C88228D00837BF1 /* AquaMaster */,
				CFF53D7D2C88228D00837BF1 /* Products */,
			);
			sourceTree = "<group>";
		};
		CFF53D7D2C88228D00837BF1 /* Products */ = {
			isa = PBXGroup;
			children = (
				CFF53D7C2C88228D00837BF1 /* AquaMaster.app */,
			);
			name = Products;
			sourceTree = "<group>";
		};
		CFF53D7E2C88228D00837BF1 /* AquaMaster */ = {
			isa = PBXGroup;
			children = (
				CFF53DCA2C98128100837BF1 /* LottieAnimation */,
				CFF53D952C8FCCFD00837BF1 /* Model */,
				CFF53D942C8FCCF500837BF1 /* ViewModel */,
				CFF53D932C8FCCED00837BF1 /* View */,
				CFF53D7F2C88228D00837BF1 /* AquaMasterApp.swift */,
				CFF53DC32C9808A600837BF1 /* RootView.swift */,
				CFF53D832C88229200837BF1 /* Assets.xcassets */,
				CFF53D852C88229200837BF1 /* AquaMaster.entitlements */,
				CFF53D862C88229200837BF1 /* Preview Content */,
			);
			path = AquaMaster;
			sourceTree = "<group>";
		};
		CFF53D862C88229200837BF1 /* Preview Content */ = {
			isa = PBXGroup;
			children = (
				CFF53D872C88229200837BF1 /* Preview Assets.xcassets */,
			);
			path = "Preview Content";
			sourceTree = "<group>";
		};
		CFF53D932C8FCCED00837BF1 /* View */ = {
			isa = PBXGroup;
			children = (
				CFF53DBE2C98072300837BF1 /* WaterQuality */,
				CFF53DB22C97117600837BF1 /* Task */,
				CFF53D812C88228D00837BF1 /* ContentView.swift */,
				CFF53D962C8FCE1400837BF1 /* HomeView.swift */,
				CFF53DA22C90082700837BF1 /* SettingsView.swift */,
				CFF53DAE2C91795300837BF1 /* DailyFeedLogView.swift */,
				CFF53DB32C97213100837BF1 /* UpdateDetailsView.swift */,
				CFF53DC52C9808DD00837BF1 /* LoginView.swift */,
			);
			path = View;
			sourceTree = "<group>";
		};
		CFF53D942C8FCCF500837BF1 /* ViewModel */ = {
			isa = PBXGroup;
			children = (
				CFF53D9E2C8FE11C00837BF1 /* TaskViewModel.swift */,
				CFF53DAC2C9178E800837BF1 /* FeedLogViewModel.swift */,
				CFF53DBA2C97BB3100837BF1 /* WaterQualityViewModel.swift */,
				CFF53DC12C9807CA00837BF1 /* LoginViewModel.swift */,
			);
			path = ViewModel;
			sourceTree = "<group>";
		};
		CFF53D952C8FCCFD00837BF1 /* Model */ = {
			isa = PBXGroup;
			children = (
				CFF53D9C2C8FE0FD00837BF1 /* AquariumTask.swift */,
				CFF53DAA2C91738F00837BF1 /*  FeedLog.swift */,
				CFF53DB62C97BA9600837BF1 /* WaterQualityModel.swift */,
				CFF53DBF2C9807B700837BF1 /* User.swift */,
			);
			path = Model;
			sourceTree = "<group>";
		};
		CFF53DB22C97117600837BF1 /* Task */ = {
			isa = PBXGroup;
			children = (
				CFF53DA02C8FFC1A00837BF1 /* TaskRow.swift */,
				CFF53DA42C900D8500837BF1 /* AddTaskView.swift */,
				CFF53DB02C97096000837BF1 /* EditTaskView.swift */,
				CFF53D982C8FCF2400837BF1 /* TaskView.swift */,
			);
			path = Task;
			sourceTree = "<group>";
		};
		CFF53DBE2C98072300837BF1 /* WaterQuality */ = {
			isa = PBXGroup;
			children = (
				CFF53DB82C97BAE000837BF1 /* WaterQualityStatus.swift */,
				CFF53DBC2C97BB9600837BF1 /* WaterQualityView.swift */,
			);
			path = WaterQuality;
			sourceTree = "<group>";
		};
		CFF53DCA2C98128100837BF1 /* LottieAnimation */ = {
			isa = PBXGroup;
			children = (
				CFF53DCB2C9812AC00837BF1 /* LottieView.swift */,
				CFF53DCF2C98133C00837BF1 /* fish.json */,
				CFF53DCD2C9812C900837BF1 /* Constant.swift */,
			);
			path = LottieAnimation;
			sourceTree = "<group>";
		};
/* End PBXGroup section */

/* Begin PBXNativeTarget section */
		CFF53D7B2C88228D00837BF1 /* AquaMaster */ = {
			isa = PBXNativeTarget;
			buildConfigurationList = CFF53D8B2C88229200837BF1 /* Build configuration list for PBXNativeTarget "AquaMaster" */;
			buildPhases = (
				CFF53D782C88228D00837BF1 /* Sources */,
				CFF53D792C88228D00837BF1 /* Frameworks */,
				CFF53D7A2C88228D00837BF1 /* Resources */,
			);
			buildRules = (
			);
			dependencies = (
			);
			name = AquaMaster;
			packageProductDependencies = (
				CFF53DC82C9811DE00837BF1 /* Lottie */,
			);
			productName = AquaMaster;
			productReference = CFF53D7C2C88228D00837BF1 /* AquaMaster.app */;
			productType = "com.apple.product-type.application";
		};
/* End PBXNativeTarget section */

/* Begin PBXProject section */
		CFF53D742C88228D00837BF1 /* Project object */ = {
			isa = PBXProject;
			attributes = {
				BuildIndependentTargetsInParallel = 1;
				LastSwiftUpdateCheck = 1520;
				LastUpgradeCheck = 1520;
				TargetAttributes = {
					CFF53D7B2C88228D00837BF1 = {
						CreatedOnToolsVersion = 15.2;
					};
				};
			};
			buildConfigurationList = CFF53D772C88228D00837BF1 /* Build configuration list for PBXProject "AquaMaster" */;
			compatibilityVersion = "Xcode 14.0";
			developmentRegion = en;
			hasScannedForEncodings = 0;
			knownRegions = (
				en,
				Base,
			);
			mainGroup = CFF53D732C88228D00837BF1;
			packageReferences = (
				CFF53DC72C9811DD00837BF1 /* XCRemoteSwiftPackageReference "lottie-ios" */,
			);
			productRefGroup = CFF53D7D2C88228D00837BF1 /* Products */;
			projectDirPath = "";
			projectRoot = "";
			targets = (
				CFF53D7B2C88228D00837BF1 /* AquaMaster */,
			);
		};
/* End PBXProject section */

/* Begin PBXResourcesBuildPhase section */
		CFF53D7A2C88228D00837BF1 /* Resources */ = {
			isa = PBXResourcesBuildPhase;
			buildActionMask = 2147483647;
			files = (
				CFF53DD02C98133C00837BF1 /* fish.json in Resources */,
				CFF53D882C88229200837BF1 /* Preview Assets.xcassets in Resources */,
				CFF53D842C88229200837BF1 /* Assets.xcassets in Resources */,
			);
			runOnlyForDeploymentPostprocessing = 0;
		};
/* End PBXResourcesBuildPhase section */

/* Begin PBXSourcesBuildPhase section */
		CFF53D782C88228D00837BF1 /* Sources */ = {
			isa = PBXSourcesBuildPhase;
			buildActionMask = 2147483647;
			files = (
				CFF53DBD2C97BB9700837BF1 /* WaterQualityView.swift in Sources */,
				CFF53DBB2C97BB3100837BF1 /* WaterQualityViewModel.swift in Sources */,
				CFF53D9F2C8FE11C00837BF1 /* TaskViewModel.swift in Sources */,
				CFF53DB12C97096000837BF1 /* EditTaskView.swift in Sources */,
				CFF53DA32C90082700837BF1 /* SettingsView.swift in Sources */,
				CFF53DB92C97BAE000837BF1 /* WaterQualityStatus.swift in Sources */,
				CFF53DAB2C91738F00837BF1 /*  FeedLog.swift in Sources */,
				CFF53D972C8FCE1400837BF1 /* HomeView.swift in Sources */,
				CFF53DC62C9808DD00837BF1 /* LoginView.swift in Sources */,
				CFF53DB72C97BA9600837BF1 /* WaterQualityModel.swift in Sources */,
				CFF53DA52C900D8500837BF1 /* AddTaskView.swift in Sources */,
				CFF53DCE2C9812C900837BF1 /* Constant.swift in Sources */,
				CFF53DAF2C91795300837BF1 /* DailyFeedLogView.swift in Sources */,
				CFF53DC42C9808A600837BF1 /* RootView.swift in Sources */,
				CFF53D822C88228D00837BF1 /* ContentView.swift in Sources */,
				CFF53DB42C97213100837BF1 /* UpdateDetailsView.swift in Sources */,
				CFF53DC22C9807CA00837BF1 /* LoginViewModel.swift in Sources */,
				CFF53D802C88228D00837BF1 /* AquaMasterApp.swift in Sources */,
				CFF53DAD2C9178E800837BF1 /* FeedLogViewModel.swift in Sources */,
				CFF53D9D2C8FE0FD00837BF1 /* AquariumTask.swift in Sources */,
				CFF53DA12C8FFC1A00837BF1 /* TaskRow.swift in Sources */,
				CFF53DCC2C9812AC00837BF1 /* LottieView.swift in Sources */,
				CFF53D992C8FCF2400837BF1 /* TaskView.swift in Sources */,
				CFF53DC02C9807B700837BF1 /* User.swift in Sources */,
			);
			runOnlyForDeploymentPostprocessing = 0;
		};
/* End PBXSourcesBuildPhase section */

/* Begin XCBuildConfiguration section */
		CFF53D892C88229200837BF1 /* Debug */ = {
			isa = XCBuildConfiguration;
			buildSettings = {
				ALWAYS_SEARCH_USER_PATHS = NO;
				ASSETCATALOG_COMPILER_GENERATE_SWIFT_ASSET_SYMBOL_EXTENSIONS = YES;
				CLANG_ANALYZER_NONNULL = YES;
				CLANG_ANALYZER_NUMBER_OBJECT_CONVERSION = YES_AGGRESSIVE;
				CLANG_CXX_LANGUAGE_STANDARD = "gnu++20";
				CLANG_ENABLE_MODULES = YES;
				CLANG_ENABLE_OBJC_ARC = YES;
				CLANG_ENABLE_OBJC_WEAK = YES;
				CLANG_WARN_BLOCK_CAPTURE_AUTORELEASING = YES;
				CLANG_WARN_BOOL_CONVERSION = YES;
				CLANG_WARN_COMMA = YES;
				CLANG_WARN_CONSTANT_CONVERSION = YES;
				CLANG_WARN_DEPRECATED_OBJC_IMPLEMENTATIONS = YES;
				CLANG_WARN_DIRECT_OBJC_ISA_USAGE = YES_ERROR;
				CLANG_WARN_DOCUMENTATION_COMMENTS = YES;
				CLANG_WARN_EMPTY_BODY = YES;
				CLANG_WARN_ENUM_CONVERSION = YES;
				CLANG_WARN_INFINITE_RECURSION = YES;
				CLANG_WARN_INT_CONVERSION = YES;
				CLANG_WARN_NON_LITERAL_NULL_CONVERSION = YES;
				CLANG_WARN_OBJC_IMPLICIT_RETAIN_SELF = YES;
				CLANG_WARN_OBJC_LITERAL_CONVERSION = YES;
				CLANG_WARN_OBJC_ROOT_CLASS = YES_ERROR;
				CLANG_WARN_QUOTED_INCLUDE_IN_FRAMEWORK_HEADER = YES;
				CLANG_WARN_RANGE_LOOP_ANALYSIS = YES;
				CLANG_WARN_STRICT_PROTOTYPES = YES;
				CLANG_WARN_SUSPICIOUS_MOVE = YES;
				CLANG_WARN_UNGUARDED_AVAILABILITY = YES_AGGRESSIVE;
				CLANG_WARN_UNREACHABLE_CODE = YES;
				CLANG_WARN__DUPLICATE_METHOD_MATCH = YES;
				COPY_PHASE_STRIP = NO;
				DEBUG_INFORMATION_FORMAT = dwarf;
				ENABLE_STRICT_OBJC_MSGSEND = YES;
				ENABLE_TESTABILITY = YES;
				ENABLE_USER_SCRIPT_SANDBOXING = YES;
				GCC_C_LANGUAGE_STANDARD = gnu17;
				GCC_DYNAMIC_NO_PIC = NO;
				GCC_NO_COMMON_BLOCKS = YES;
				GCC_OPTIMIZATION_LEVEL = 0;
				GCC_PREPROCESSOR_DEFINITIONS = (
					"DEBUG=1",
					"$(inherited)",
				);
				GCC_WARN_64_TO_32_BIT_CONVERSION = YES;
				GCC_WARN_ABOUT_RETURN_TYPE = YES_ERROR;
				GCC_WARN_UNDECLARED_SELECTOR = YES;
				GCC_WARN_UNINITIALIZED_AUTOS = YES_AGGRESSIVE;
				GCC_WARN_UNUSED_FUNCTION = YES;
				GCC_WARN_UNUSED_VARIABLE = YES;
				LOCALIZATION_PREFERS_STRING_CATALOGS = YES;
				MTL_ENABLE_DEBUG_INFO = INCLUDE_SOURCE;
				MTL_FAST_MATH = YES;
				ONLY_ACTIVE_ARCH = YES;
				SWIFT_ACTIVE_COMPILATION_CONDITIONS = "DEBUG $(inherited)";
				SWIFT_OPTIMIZATION_LEVEL = "-Onone";
			};
			name = Debug;
		};
		CFF53D8A2C88229200837BF1 /* Release */ = {
			isa = XCBuildConfiguration;
			buildSettings = {
				ALWAYS_SEARCH_USER_PATHS = NO;
				ASSETCATALOG_COMPILER_GENERATE_SWIFT_ASSET_SYMBOL_EXTENSIONS = YES;
				CLANG_ANALYZER_NONNULL = YES;
				CLANG_ANALYZER_NUMBER_OBJECT_CONVERSION = YES_AGGRESSIVE;
				CLANG_CXX_LANGUAGE_STANDARD = "gnu++20";
				CLANG_ENABLE_MODULES = YES;
				CLANG_ENABLE_OBJC_ARC = YES;
				CLANG_ENABLE_OBJC_WEAK = YES;
				CLANG_WARN_BLOCK_CAPTURE_AUTORELEASING = YES;
				CLANG_WARN_BOOL_CONVERSION = YES;
				CLANG_WARN_COMMA = YES;
				CLANG_WARN_CONSTANT_CONVERSION = YES;
				CLANG_WARN_DEPRECATED_OBJC_IMPLEMENTATIONS = YES;
				CLANG_WARN_DIRECT_OBJC_ISA_USAGE = YES_ERROR;
				CLANG_WARN_DOCUMENTATION_COMMENTS = YES;
				CLANG_WARN_EMPTY_BODY = YES;
				CLANG_WARN_ENUM_CONVERSION = YES;
				CLANG_WARN_INFINITE_RECURSION = YES;
				CLANG_WARN_INT_CONVERSION = YES;
				CLANG_WARN_NON_LITERAL_NULL_CONVERSION = YES;
				CLANG_WARN_OBJC_IMPLICIT_RETAIN_SELF = YES;
				CLANG_WARN_OBJC_LITERAL_CONVERSION = YES;
				CLANG_WARN_OBJC_ROOT_CLASS = YES_ERROR;
				CLANG_WARN_QUOTED_INCLUDE_IN_FRAMEWORK_HEADER = YES;
				CLANG_WARN_RANGE_LOOP_ANALYSIS = YES;
				CLANG_WARN_STRICT_PROTOTYPES = YES;
				CLANG_WARN_SUSPICIOUS_MOVE = YES;
				CLANG_WARN_UNGUARDED_AVAILABILITY = YES_AGGRESSIVE;
				CLANG_WARN_UNREACHABLE_CODE = YES;
				CLANG_WARN__DUPLICATE_METHOD_MATCH = YES;
				COPY_PHASE_STRIP = NO;
				DEBUG_INFORMATION_FORMAT = "dwarf-with-dsym";
				ENABLE_NS_ASSERTIONS = NO;
				ENABLE_STRICT_OBJC_MSGSEND = YES;
				ENABLE_USER_SCRIPT_SANDBOXING = YES;
				GCC_C_LANGUAGE_STANDARD = gnu17;
				GCC_NO_COMMON_BLOCKS = YES;
				GCC_WARN_64_TO_32_BIT_CONVERSION = YES;
				GCC_WARN_ABOUT_RETURN_TYPE = YES_ERROR;
				GCC_WARN_UNDECLARED_SELECTOR = YES;
				GCC_WARN_UNINITIALIZED_AUTOS = YES_AGGRESSIVE;
				GCC_WARN_UNUSED_FUNCTION = YES;
				GCC_WARN_UNUSED_VARIABLE = YES;
				LOCALIZATION_PREFERS_STRING_CATALOGS = YES;
				MTL_ENABLE_DEBUG_INFO = NO;
				MTL_FAST_MATH = YES;
				SWIFT_COMPILATION_MODE = wholemodule;
			};
			name = Release;
		};
		CFF53D8C2C88229200837BF1 /* Debug */ = {
			isa = XCBuildConfiguration;
			buildSettings = {
				ASSETCATALOG_COMPILER_APPICON_NAME = AppIcon;
				ASSETCATALOG_COMPILER_GLOBAL_ACCENT_COLOR_NAME = AccentColor;
				CODE_SIGN_ENTITLEMENTS = AquaMaster/AquaMaster.entitlements;
				CODE_SIGN_STYLE = Automatic;
				CURRENT_PROJECT_VERSION = 1;
				DEVELOPMENT_ASSET_PATHS = "\"AquaMaster/Preview Content\"";
				ENABLE_PREVIEWS = YES;
				GENERATE_INFOPLIST_FILE = YES;
				"INFOPLIST_KEY_UIApplicationSceneManifest_Generation[sdk=iphoneos*]" = YES;
				"INFOPLIST_KEY_UIApplicationSceneManifest_Generation[sdk=iphonesimulator*]" = YES;
				"INFOPLIST_KEY_UIApplicationSupportsIndirectInputEvents[sdk=iphoneos*]" = YES;
				"INFOPLIST_KEY_UIApplicationSupportsIndirectInputEvents[sdk=iphonesimulator*]" = YES;
				"INFOPLIST_KEY_UILaunchScreen_Generation[sdk=iphoneos*]" = YES;
				"INFOPLIST_KEY_UILaunchScreen_Generation[sdk=iphonesimulator*]" = YES;
				"INFOPLIST_KEY_UIStatusBarStyle[sdk=iphoneos*]" = UIStatusBarStyleDefault;
				"INFOPLIST_KEY_UIStatusBarStyle[sdk=iphonesimulator*]" = UIStatusBarStyleDefault;
				INFOPLIST_KEY_UISupportedInterfaceOrientations_iPad = "UIInterfaceOrientationPortrait UIInterfaceOrientationPortraitUpsideDown UIInterfaceOrientationLandscapeLeft UIInterfaceOrientationLandscapeRight";
				INFOPLIST_KEY_UISupportedInterfaceOrientations_iPhone = "UIInterfaceOrientationPortrait UIInterfaceOrientationLandscapeLeft UIInterfaceOrientationLandscapeRight";
				IPHONEOS_DEPLOYMENT_TARGET = 17.2;
				LD_RUNPATH_SEARCH_PATHS = "@executable_path/Frameworks";
				"LD_RUNPATH_SEARCH_PATHS[sdk=macosx*]" = "@executable_path/../Frameworks";
				MACOSX_DEPLOYMENT_TARGET = 13.5;
				MARKETING_VERSION = 1.0;
				PRODUCT_BUNDLE_IDENTIFIER = come.ali.swiftDemo.AquaMaster;
				PRODUCT_NAME = "$(TARGET_NAME)";
				SDKROOT = auto;
				SUPPORTED_PLATFORMS = "iphoneos iphonesimulator macosx";
				SWIFT_EMIT_LOC_STRINGS = YES;
				SWIFT_VERSION = 5.0;
				TARGETED_DEVICE_FAMILY = "1,2";
			};
			name = Debug;
		};
		CFF53D8D2C88229200837BF1 /* Release */ = {
			isa = XCBuildConfiguration;
			buildSettings = {
				ASSETCATALOG_COMPILER_APPICON_NAME = AppIcon;
				ASSETCATALOG_COMPILER_GLOBAL_ACCENT_COLOR_NAME = AccentColor;
				CODE_SIGN_ENTITLEMENTS = AquaMaster/AquaMaster.entitlements;
				CODE_SIGN_STYLE = Automatic;
				CURRENT_PROJECT_VERSION = 1;
				DEVELOPMENT_ASSET_PATHS = "\"AquaMaster/Preview Content\"";
				ENABLE_PREVIEWS = YES;
				GENERATE_INFOPLIST_FILE = YES;
				"INFOPLIST_KEY_UIApplicationSceneManifest_Generation[sdk=iphoneos*]" = YES;
				"INFOPLIST_KEY_UIApplicationSceneManifest_Generation[sdk=iphonesimulator*]" = YES;
				"INFOPLIST_KEY_UIApplicationSupportsIndirectInputEvents[sdk=iphoneos*]" = YES;
				"INFOPLIST_KEY_UIApplicationSupportsIndirectInputEvents[sdk=iphonesimulator*]" = YES;
				"INFOPLIST_KEY_UILaunchScreen_Generation[sdk=iphoneos*]" = YES;
				"INFOPLIST_KEY_UILaunchScreen_Generation[sdk=iphonesimulator*]" = YES;
				"INFOPLIST_KEY_UIStatusBarStyle[sdk=iphoneos*]" = UIStatusBarStyleDefault;
				"INFOPLIST_KEY_UIStatusBarStyle[sdk=iphonesimulator*]" = UIStatusBarStyleDefault;
				INFOPLIST_KEY_UISupportedInterfaceOrientations_iPad = "UIInterfaceOrientationPortrait UIInterfaceOrientationPortraitUpsideDown UIInterfaceOrientationLandscapeLeft UIInterfaceOrientationLandscapeRight";
				INFOPLIST_KEY_UISupportedInterfaceOrientations_iPhone = "UIInterfaceOrientationPortrait UIInterfaceOrientationLandscapeLeft UIInterfaceOrientationLandscapeRight";
				IPHONEOS_DEPLOYMENT_TARGET = 17.2;
				LD_RUNPATH_SEARCH_PATHS = "@executable_path/Frameworks";
				"LD_RUNPATH_SEARCH_PATHS[sdk=macosx*]" = "@executable_path/../Frameworks";
				MACOSX_DEPLOYMENT_TARGET = 13.5;
				MARKETING_VERSION = 1.0;
				PRODUCT_BUNDLE_IDENTIFIER = come.ali.swiftDemo.AquaMaster;
				PRODUCT_NAME = "$(TARGET_NAME)";
				SDKROOT = auto;
				SUPPORTED_PLATFORMS = "iphoneos iphonesimulator macosx";
				SWIFT_EMIT_LOC_STRINGS = YES;
				SWIFT_VERSION = 5.0;
				TARGETED_DEVICE_FAMILY = "1,2";
			};
			name = Release;
		};
/* End XCBuildConfiguration section */

/* Begin XCConfigurationList section */
		CFF53D772C88228D00837BF1 /* Build configuration list for PBXProject "AquaMaster" */ = {
			isa = XCConfigurationList;
			buildConfigurations = (
				CFF53D892C88229200837BF1 /* Debug */,
				CFF53D8A2C88229200837BF1 /* Release */,
			);
			defaultConfigurationIsVisible = 0;
			defaultConfigurationName = Release;
		};
		CFF53D8B2C88229200837BF1 /* Build configuration list for PBXNativeTarget "AquaMaster" */ = {
			isa = XCConfigurationList;
			buildConfigurations = (
				CFF53D8C2C88229200837BF1 /* Debug */,
				CFF53D8D2C88229200837BF1 /* Release */,
			);
			defaultConfigurationIsVisible = 0;
			defaultConfigurationName = Release;
		};
/* End XCConfigurationList section */

/* Begin XCRemoteSwiftPackageReference section */
		CFF53DC72C9811DD00837BF1 /* XCRemoteSwiftPackageReference "lottie-ios" */ = {
			isa = XCRemoteSwiftPackageReference;
			repositoryURL = "https://github.com/airbnb/lottie-ios.git";
			requirement = {
				kind = upToNextMajorVersion;
				minimumVersion = 4.5.0;
			};
		};
/* End XCRemoteSwiftPackageReference section */

/* Begin XCSwiftPackageProductDependency section */
		CFF53DC82C9811DE00837BF1 /* Lottie */ = {
			isa = XCSwiftPackageProductDependency;
			package = CFF53DC72C9811DD00837BF1 /* XCRemoteSwiftPackageReference "lottie-ios" */;
			productName = Lottie;
		};
/* End XCSwiftPackageProductDependency section */
	};
	rootObject = CFF53D742C88228D00837BF1 /* Project object */;
}
